
Microsoft Visual Studio Solution File, Format Version 12.00
# Visual Studio Version 17
VisualStudioVersion = 17.3.32825.248
MinimumVisualStudioVersion = 10.0.40219.1
Project("{FAE04EC0-301F-11D3-BF4B-00C04F79EFBC}") = "IterationStatementsExercise1", "IterationStatementsExercise1\IterationStatementsExercise1.csproj", "{820998FF-4C65-47CA-99E7-6E8C7146A435}"
EndProject
Global
	GlobalSection(SolutionConfigurationPlatforms) = preSolution
		Debug|Any CPU = Debug|Any CPU
		Release|Any CPU = Release|Any CPU
	EndGlobalSection
	GlobalSection(ProjectConfigurationPlatforms) = postSolution
		{820998FF-4C65-47CA-99E7-6E8C7146A435}.Debug|Any CPU.ActiveCfg = Debug|Any CPU
		{820998FF-4C65-47CA-99E7-6E8C7146A435}.Debug|Any CPU.Build.0 = Debug|Any CPU
		{820998FF-4C65-47CA-99E7-6E8C7146A435}.Release|Any CPU.ActiveCfg = Release|Any CPU
		{820998FF-4C65-47CA-99E7-6E8C7146A435}.Release|Any CPU.Build.0 = Release|Any CPU
	EndGlobalSection
	GlobalSection(SolutionProperties) = preSolution
		HideSolutionNode = FALSE
	EndGlobalSection
	GlobalSection(ExtensibilityGlobals) = postSolution
		SolutionGuid = {2A83A2A9-63DC-4037-8F67-93FD39F06C0B}
	EndGlobalSection
EndGlobal
